// !$*UTF8*$!
{
	archiveVersion = 1;
	classes = {
	};
	objectVersion = 50;
	objects = {

/* Begin PBXBuildFile section */
		610CD1AC262B3CF4004E6693 /* Launch Screen.storyboard in Resources */ = {isa = PBXBuildFile; fileRef = 610CD1AB262B3CF4004E6693 /* Launch Screen.storyboard */; };
		611454DB262C2E1200435620 /* CustomTableViewCell.swift in Sources */ = {isa = PBXBuildFile; fileRef = 611454DA262C2E1200435620 /* CustomTableViewCell.swift */; };
		611454DE262C320300435620 /* PlaceModel.swift in Sources */ = {isa = PBXBuildFile; fileRef = 611454DD262C320300435620 /* PlaceModel.swift */; };
		6180134726275757003BCA23 /* AppDelegate.swift in Sources */ = {isa = PBXBuildFile; fileRef = 6180134626275757003BCA23 /* AppDelegate.swift */; };
		6180134926275757003BCA23 /* SceneDelegate.swift in Sources */ = {isa = PBXBuildFile; fileRef = 6180134826275757003BCA23 /* SceneDelegate.swift */; };
		6180134E26275757003BCA23 /* Main.storyboard in Resources */ = {isa = PBXBuildFile; fileRef = 6180134C26275757003BCA23 /* Main.storyboard */; };
		6180135026275758003BCA23 /* Assets.xcassets in Resources */ = {isa = PBXBuildFile; fileRef = 6180134F26275758003BCA23 /* Assets.xcassets */; };
		6180135D26275CDB003BCA23 /* MainViewController.swift in Sources */ = {isa = PBXBuildFile; fileRef = 6180135C26275CDB003BCA23 /* MainViewController.swift */; };
		61B16448262B4D010071188A /* LaunchScreenImg@1x.png in Resources */ = {isa = PBXBuildFile; fileRef = 61B16445262B4D010071188A /* LaunchScreenImg@1x.png */; };
		61B16449262B4D010071188A /* LaunchScreenImg@3x.png in Resources */ = {isa = PBXBuildFile; fileRef = 61B16446262B4D010071188A /* LaunchScreenImg@3x.png */; };
		61B1644A262B4D010071188A /* LaunchScreenImg@2x.png in Resources */ = {isa = PBXBuildFile; fileRef = 61B16447262B4D010071188A /* LaunchScreenImg@2x.png */; };
/* End PBXBuildFile section */

/* Begin PBXFileReference section */
		610CD1AB262B3CF4004E6693 /* Launch Screen.storyboard */ = {isa = PBXFileReference; lastKnownFileType = file.storyboard; path = "Launch Screen.storyboard"; sourceTree = "<group>"; };
		611454DA262C2E1200435620 /* CustomTableViewCell.swift */ = {isa = PBXFileReference; lastKnownFileType = sourcecode.swift; path = CustomTableViewCell.swift; sourceTree = "<group>"; };
		611454DD262C320300435620 /* PlaceModel.swift */ = {isa = PBXFileReference; lastKnownFileType = sourcecode.swift; path = PlaceModel.swift; sourceTree = "<group>"; };
		6180134326275757003BCA23 /* MyPlaces.app */ = {isa = PBXFileReference; explicitFileType = wrapper.application; includeInIndex = 0; path = MyPlaces.app; sourceTree = BUILT_PRODUCTS_DIR; };
		6180134626275757003BCA23 /* AppDelegate.swift */ = {isa = PBXFileReference; lastKnownFileType = sourcecode.swift; path = AppDelegate.swift; sourceTree = "<group>"; };
		6180134826275757003BCA23 /* SceneDelegate.swift */ = {isa = PBXFileReference; lastKnownFileType = sourcecode.swift; path = SceneDelegate.swift; sourceTree = "<group>"; };
		6180134D26275757003BCA23 /* Base */ = {isa = PBXFileReference; lastKnownFileType = file.storyboard; name = Base; path = Base.lproj/Main.storyboard; sourceTree = "<group>"; };
		6180134F26275758003BCA23 /* Assets.xcassets */ = {isa = PBXFileReference; lastKnownFileType = folder.assetcatalog; path = Assets.xcassets; sourceTree = "<group>"; };
		6180135426275758003BCA23 /* Info.plist */ = {isa = PBXFileReference; lastKnownFileType = text.plist.xml; path = Info.plist; sourceTree = "<group>"; };
		6180135C26275CDB003BCA23 /* MainViewController.swift */ = {isa = PBXFileReference; lastKnownFileType = sourcecode.swift; path = MainViewController.swift; sourceTree = "<group>"; };
		61B16445262B4D010071188A /* LaunchScreenImg@1x.png */ = {isa = PBXFileReference; lastKnownFileType = image.png; path = "LaunchScreenImg@1x.png"; sourceTree = "<group>"; };
		61B16446262B4D010071188A /* LaunchScreenImg@3x.png */ = {isa = PBXFileReference; lastKnownFileType = image.png; path = "LaunchScreenImg@3x.png"; sourceTree = "<group>"; };
		61B16447262B4D010071188A /* LaunchScreenImg@2x.png */ = {isa = PBXFileReference; lastKnownFileType = image.png; path = "LaunchScreenImg@2x.png"; sourceTree = "<group>"; };
/* End PBXFileReference section */

/* Begin PBXFrameworksBuildPhase section */
		6180134026275757003BCA23 /* Frameworks */ = {
			isa = PBXFrameworksBuildPhase;
			buildActionMask = 2147483647;
			files = (
			);
			runOnlyForDeploymentPostprocessing = 0;
		};
/* End PBXFrameworksBuildPhase section */

/* Begin PBXGroup section */
		6180133A26275757003BCA23 = {
			isa = PBXGroup;
			children = (
				6180134526275757003BCA23 /* MyPlaces */,
				6180134426275757003BCA23 /* Products */,
			);
			sourceTree = "<group>";
		};
		6180134426275757003BCA23 /* Products */ = {
			isa = PBXGroup;
			children = (
				6180134326275757003BCA23 /* MyPlaces.app */,
			);
			name = Products;
			sourceTree = "<group>";
		};
		6180134526275757003BCA23 /* MyPlaces */ = {
			isa = PBXGroup;
			children = (
				6180134626275757003BCA23 /* AppDelegate.swift */,
				6180134826275757003BCA23 /* SceneDelegate.swift */,
				6180134C26275757003BCA23 /* Main.storyboard */,
				6180135C26275CDB003BCA23 /* MainViewController.swift */,
				611454DD262C320300435620 /* PlaceModel.swift */,
				611454DA262C2E1200435620 /* CustomTableViewCell.swift */,
				6180134F26275758003BCA23 /* Assets.xcassets */,
				610CD1AB262B3CF4004E6693 /* Launch Screen.storyboard */,
				61B16445262B4D010071188A /* LaunchScreenImg@1x.png */,
				61B16447262B4D010071188A /* LaunchScreenImg@2x.png */,
				61B16446262B4D010071188A /* LaunchScreenImg@3x.png */,
				6180135426275758003BCA23 /* Info.plist */,
			);
			path = MyPlaces;
			sourceTree = "<group>";
		};
/* End PBXGroup section */

/* Begin PBXNativeTarget section */
		6180134226275757003BCA23 /* MyPlaces */ = {
			isa = PBXNativeTarget;
			buildConfigurationList = 6180135726275758003BCA23 /* Build configuration list for PBXNativeTarget "MyPlaces" */;
			buildPhases = (
				6180133F26275757003BCA23 /* Sources */,
				6180134026275757003BCA23 /* Frameworks */,
				6180134126275757003BCA23 /* Resources */,
			);
			buildRules = (
			);
			dependencies = (
			);
			name = MyPlaces;
			productName = MyPlaces;
			productReference = 6180134326275757003BCA23 /* MyPlaces.app */;
			productType = "com.apple.product-type.application";
		};
/* End PBXNativeTarget section */

/* Begin PBXProject section */
		6180133B26275757003BCA23 /* Project object */ = {
			isa = PBXProject;
			attributes = {
				LastSwiftUpdateCheck = 1240;
				LastUpgradeCheck = 1240;
				TargetAttributes = {
					6180134226275757003BCA23 = {
						CreatedOnToolsVersion = 12.4;
					};
				};
			};
			buildConfigurationList = 6180133E26275757003BCA23 /* Build configuration list for PBXProject "MyPlaces" */;
			compatibilityVersion = "Xcode 9.3";
			developmentRegion = en;
			hasScannedForEncodings = 0;
			knownRegions = (
				en,
				Base,
			);
			mainGroup = 6180133A26275757003BCA23;
			productRefGroup = 6180134426275757003BCA23 /* Products */;
			projectDirPath = "";
			projectRoot = "";
			targets = (
				6180134226275757003BCA23 /* MyPlaces */,
			);
		};
/* End PBXProject section */

/* Begin PBXResourcesBuildPhase section */
		6180134126275757003BCA23 /* Resources */ = {
			isa = PBXResourcesBuildPhase;
			buildActionMask = 2147483647;
			files = (
				610CD1AC262B3CF4004E6693 /* Launch Screen.storyboard in Resources */,
				61B16449262B4D010071188A /* LaunchScreenImg@3x.png in Resources */,
				6180135026275758003BCA23 /* Assets.xcassets in Resources */,
				61B1644A262B4D010071188A /* LaunchScreenImg@2x.png in Resources */,
				61B16448262B4D010071188A /* LaunchScreenImg@1x.png in Resources */,
				6180134E26275757003BCA23 /* Main.storyboard in Resources */,
			);
			runOnlyForDeploymentPostprocessing = 0;
		};
/* End PBXResourcesBuildPhase section */

/* Begin PBXSourcesBuildPhase section */
		6180133F26275757003BCA23 /* Sources */ = {
			isa = PBXSourcesBuildPhase;
			buildActionMask = 2147483647;
			files = (
				6180135D26275CDB003BCA23 /* MainViewController.swift in Sources */,
				6180134726275757003BCA23 /* AppDelegate.swift in Sources */,
				611454DE262C320300435620 /* PlaceModel.swift in Sources */,
				611454DB262C2E1200435620 /* CustomTableViewCell.swift in Sources */,
				6180134926275757003BCA23 /* SceneDelegate.swift in Sources */,
			);
			runOnlyForDeploymentPostprocessing = 0;
		};
/* End PBXSourcesBuildPhase section */

/* Begin PBXVariantGroup section */
		6180134C26275757003BCA23 /* Main.storyboard */ = {
			isa = PBXVariantGroup;
			children = (
				6180134D26275757003BCA23 /* Base */,
			);
			name = Main.storyboard;
			sourceTree = "<group>";
		};
/* End PBXVariantGroup section */

/* Begin XCBuildConfiguration section */
		6180135526275758003BCA23 /* Debug */ = {
			isa = XCBuildConfiguration;
			buildSettings = {
				ALWAYS_SEARCH_USER_PATHS = NO;
				CLANG_ANALYZER_NONNULL = YES;
				CLANG_ANALYZER_NUMBER_OBJECT_CONVERSION = YES_AGGRESSIVE;
				CLANG_CXX_LANGUAGE_STANDARD = "gnu++14";
				CLANG_CXX_LIBRARY = "libc++";
				CLANG_ENABLE_MODULES = YES;
				CLANG_ENABLE_OBJC_ARC = YES;
				CLANG_ENABLE_OBJC_WEAK = YES;
				CLANG_WARN_BLOCK_CAPTURE_AUTORELEASING = YES;
				CLANG_WARN_BOOL_CONVERSION = YES;
				CLANG_WARN_COMMA = YES;
				CLANG_WARN_CONSTANT_CONVERSION = YES;
				CLANG_WARN_DEPRECATED_OBJC_IMPLEMENTATIONS = YES;
				CLANG_WARN_DIRECT_OBJC_ISA_USAGE = YES_ERROR;
				CLANG_WARN_DOCUMENTATION_COMMENTS = YES;
				CLANG_WARN_EMPTY_BODY = YES;
				CLANG_WARN_ENUM_CONVERSION = YES;
				CLANG_WARN_INFINITE_RECURSION = YES;
				CLANG_WARN_INT_CONVERSION = YES;
				CLANG_WARN_NON_LITERAL_NULL_CONVERSION = YES;
				CLANG_WARN_OBJC_IMPLICIT_RETAIN_SELF = YES;
				CLANG_WARN_OBJC_LITERAL_CONVERSION = YES;
				CLANG_WARN_OBJC_ROOT_CLASS = YES_ERROR;
				CLANG_WARN_QUOTED_INCLUDE_IN_FRAMEWORK_HEADER = YES;
				CLANG_WARN_RANGE_LOOP_ANALYSIS = YES;
				CLANG_WARN_STRICT_PROTOTYPES = YES;
				CLANG_WARN_SUSPICIOUS_MOVE = YES;
				CLANG_WARN_UNGUARDED_AVAILABILITY = YES_AGGRESSIVE;
				CLANG_WARN_UNREACHABLE_CODE = YES;
				CLANG_WARN__DUPLICATE_METHOD_MATCH = YES;
				COPY_PHASE_STRIP = NO;
				DEBUG_INFORMATION_FORMAT = dwarf;
				ENABLE_STRICT_OBJC_MSGSEND = YES;
				ENABLE_TESTABILITY = YES;
				GCC_C_LANGUAGE_STANDARD = gnu11;
				GCC_DYNAMIC_NO_PIC = NO;
				GCC_NO_COMMON_BLOCKS = YES;
				GCC_OPTIMIZATION_LEVEL = 0;
				GCC_PREPROCESSOR_DEFINITIONS = (
					"DEBUG=1",
					"$(inherited)",
				);
				GCC_WARN_64_TO_32_BIT_CONVERSION = YES;
				GCC_WARN_ABOUT_RETURN_TYPE = YES_ERROR;
				GCC_WARN_UNDECLARED_SELECTOR = YES;
				GCC_WARN_UNINITIALIZED_AUTOS = YES_AGGRESSIVE;
				GCC_WARN_UNUSED_FUNCTION = YES;
				GCC_WARN_UNUSED_VARIABLE = YES;
				IPHONEOS_DEPLOYMENT_TARGET = 14.1;
				MTL_ENABLE_DEBUG_INFO = INCLUDE_SOURCE;
				MTL_FAST_MATH = YES;
				ONLY_ACTIVE_ARCH = YES;
				SDKROOT = iphoneos;
				SWIFT_ACTIVE_COMPILATION_CONDITIONS = DEBUG;
				SWIFT_OPTIMIZATION_LEVEL = "-Onone";
			};
			name = Debug;
		};
		6180135626275758003BCA23 /* Release */ = {
			isa = XCBuildConfiguration;
			buildSettings = {
				ALWAYS_SEARCH_USER_PATHS = NO;
				CLANG_ANALYZER_NONNULL = YES;
				CLANG_ANALYZER_NUMBER_OBJECT_CONVERSION = YES_AGGRESSIVE;
				CLANG_CXX_LANGUAGE_STANDARD = "gnu++14";
				CLANG_CXX_LIBRARY = "libc++";
				CLANG_ENABLE_MODULES = YES;
				CLANG_ENABLE_OBJC_ARC = YES;
				CLANG_ENABLE_OBJC_WEAK = YES;
				CLANG_WARN_BLOCK_CAPTURE_AUTORELEASING = YES;
				CLANG_WARN_BOOL_CONVERSION = YES;
				CLANG_WARN_COMMA = YES;
				CLANG_WARN_CONSTANT_CONVERSION = YES;
				CLANG_WARN_DEPRECATED_OBJC_IMPLEMENTATIONS = YES;
				CLANG_WARN_DIRECT_OBJC_ISA_USAGE = YES_ERROR;
				CLANG_WARN_DOCUMENTATION_COMMENTS = YES;
				CLANG_WARN_EMPTY_BODY = YES;
				CLANG_WARN_ENUM_CONVERSION = YES;
				CLANG_WARN_INFINITE_RECURSION = YES;
				CLANG_WARN_INT_CONVERSION = YES;
				CLANG_WARN_NON_LITERAL_NULL_CONVERSION = YES;
				CLANG_WARN_OBJC_IMPLICIT_RETAIN_SELF = YES;
				CLANG_WARN_OBJC_LITERAL_CONVERSION = YES;
				CLANG_WARN_OBJC_ROOT_CLASS = YES_ERROR;
				CLANG_WARN_QUOTED_INCLUDE_IN_FRAMEWORK_HEADER = YES;
				CLANG_WARN_RANGE_LOOP_ANALYSIS = YES;
				CLANG_WARN_STRICT_PROTOTYPES = YES;
				CLANG_WARN_SUSPICIOUS_MOVE = YES;
				CLANG_WARN_UNGUARDED_AVAILABILITY = YES_AGGRESSIVE;
				CLANG_WARN_UNREACHABLE_CODE = YES;
				CLANG_WARN__DUPLICATE_METHOD_MATCH = YES;
				COPY_PHASE_STRIP = NO;
				DEBUG_INFORMATION_FORMAT = "dwarf-with-dsym";
				ENABLE_NS_ASSERTIONS = NO;
				ENABLE_STRICT_OBJC_MSGSEND = YES;
				GCC_C_LANGUAGE_STANDARD = gnu11;
				GCC_NO_COMMON_BLOCKS = YES;
				GCC_WARN_64_TO_32_BIT_CONVERSION = YES;
				GCC_WARN_ABOUT_RETURN_TYPE = YES_ERROR;
				GCC_WARN_UNDECLARED_SELECTOR = YES;
				GCC_WARN_UNINITIALIZED_AUTOS = YES_AGGRESSIVE;
				GCC_WARN_UNUSED_FUNCTION = YES;
				GCC_WARN_UNUSED_VARIABLE = YES;
				IPHONEOS_DEPLOYMENT_TARGET = 14.1;
				MTL_ENABLE_DEBUG_INFO = NO;
				MTL_FAST_MATH = YES;
				SDKROOT = iphoneos;
				SWIFT_COMPILATION_MODE = wholemodule;
				SWIFT_OPTIMIZATION_LEVEL = "-O";
				VALIDATE_PRODUCT = YES;
			};
			name = Release;
		};
		6180135826275758003BCA23 /* Debug */ = {
			isa = XCBuildConfiguration;
			buildSettings = {
				ASSETCATALOG_COMPILER_APPICON_NAME = AppIcon;
				ASSETCATALOG_COMPILER_GLOBAL_ACCENT_COLOR_NAME = AccentColor;
				CODE_SIGN_STYLE = Automatic;
				DEVELOPMENT_TEAM = 3FQH7BC4U7;
				INFOPLIST_FILE = MyPlaces/Info.plist;
				LD_RUNPATH_SEARCH_PATHS = (
					"$(inherited)",
					"@executable_path/Frameworks",
				);
				PRODUCT_BUNDLE_IDENTIFIER = UndermindSoftware.MyPlaces;
				PRODUCT_NAME = "$(TARGET_NAME)";
				SWIFT_VERSION = 5.0;
				TARGETED_DEVICE_FAMILY = "1,2";
			};
			name = Debug;
		};
		6180135926275758003BCA23 /* Release */ = {
			isa = XCBuildConfiguration;
			buildSettings = {
				ASSETCATALOG_COMPILER_APPICON_NAME = AppIcon;
				ASSETCATALOG_COMPILER_GLOBAL_ACCENT_COLOR_NAME = AccentColor;
				CODE_SIGN_STYLE = Automatic;
				DEVELOPMENT_TEAM = 3FQH7BC4U7;
				INFOPLIST_FILE = MyPlaces/Info.plist;
				LD_RUNPATH_SEARCH_PATHS = (
					"$(inherited)",
					"@executable_path/Frameworks",
				);
				PRODUCT_BUNDLE_IDENTIFIER = UndermindSoftware.MyPlaces;
				PRODUCT_NAME = "$(TARGET_NAME)";
				SWIFT_VERSION = 5.0;
				TARGETED_DEVICE_FAMILY = "1,2";
			};
			name = Release;
		};
/* End XCBuildConfiguration section */

/* Begin XCConfigurationList section */
		6180133E26275757003BCA23 /* Build configuration list for PBXProject "MyPlaces" */ = {
			isa = XCConfigurationList;
			buildConfigurations = (
				6180135526275758003BCA23 /* Debug */,
				6180135626275758003BCA23 /* Release */,
			);
			defaultConfigurationIsVisible = 0;
			defaultConfigurationName = Release;
		};
		6180135726275758003BCA23 /* Build configuration list for PBXNativeTarget "MyPlaces" */ = {
			isa = XCConfigurationList;
			buildConfigurations = (
				6180135826275758003BCA23 /* Debug */,
				6180135926275758003BCA23 /* Release */,
			);
			defaultConfigurationIsVisible = 0;
			defaultConfigurationName = Release;
		};
/* End XCConfigurationList section */
	};
	rootObject = 6180133B26275757003BCA23 /* Project object */;
}
