// !$*UTF8*$!
{
	archiveVersion = 1;
	classes = {
	};
	objectVersion = 51;
	objects = {

/* Begin PBXBuildFile section */
		0207A097F5CCEBDE2126C2B7 /* Pods_MyPlaces.framework in Frameworks */ = {isa = PBXBuildFile; fileRef = F598FD6772AD9D3FB50C2631 /* Pods_MyPlaces.framework */; };
		61062E6A26511AA300F076EE /* MapManager.swift in Sources */ = {isa = PBXBuildFile; fileRef = 61062E6926511AA300F076EE /* MapManager.swift */; };
		610CD1AC262B3CF4004E6693 /* Launch Screen.storyboard in Resources */ = {isa = PBXBuildFile; fileRef = 610CD1AB262B3CF4004E6693 /* Launch Screen.storyboard */; };
		611454DB262C2E1200435620 /* CustomTableViewCell.swift in Sources */ = {isa = PBXBuildFile; fileRef = 611454DA262C2E1200435620 /* CustomTableViewCell.swift */; };
		611454DE262C320300435620 /* PlaceModel.swift in Sources */ = {isa = PBXBuildFile; fileRef = 611454DD262C320300435620 /* PlaceModel.swift */; };
		611454E2262C41DD00435620 /* Photo@2x.png in Resources */ = {isa = PBXBuildFile; fileRef = 611454E0262C41DD00435620 /* Photo@2x.png */; };
		611454E3262C41DD00435620 /* Photo@3x.png in Resources */ = {isa = PBXBuildFile; fileRef = 611454E1262C41DD00435620 /* Photo@3x.png */; };
		611454E6262C452D00435620 /* NewPlaceViewController.swift in Sources */ = {isa = PBXBuildFile; fileRef = 611454E5262C452D00435620 /* NewPlaceViewController.swift */; };
		613F3D46265A551A008582D8 /* Assets.xcassets in Resources */ = {isa = PBXBuildFile; fileRef = 613F3D45265A551A008582D8 /* Assets.xcassets */; };
		61687BAE2635BA6B007DF862 /* cameraIcon@2x.png in Resources */ = {isa = PBXBuildFile; fileRef = 61687BAA2635BA6B007DF862 /* cameraIcon@2x.png */; };
		61687BBC2635BCF6007DF862 /* imagePlaceholder@2x.png in Resources */ = {isa = PBXBuildFile; fileRef = 61687BBB2635BCF6007DF862 /* imagePlaceholder@2x.png */; };
		61730FED263FE699001D14CD /* RatingControl.swift in Sources */ = {isa = PBXBuildFile; fileRef = 61730FEC263FE699001D14CD /* RatingControl.swift */; };
		6180134726275757003BCA23 /* AppDelegate.swift in Sources */ = {isa = PBXBuildFile; fileRef = 6180134626275757003BCA23 /* AppDelegate.swift */; };
		6180134926275757003BCA23 /* SceneDelegate.swift in Sources */ = {isa = PBXBuildFile; fileRef = 6180134826275757003BCA23 /* SceneDelegate.swift */; };
		6180134E26275757003BCA23 /* Main.storyboard in Resources */ = {isa = PBXBuildFile; fileRef = 6180134C26275757003BCA23 /* Main.storyboard */; };
		6180135D26275CDB003BCA23 /* MainViewController.swift in Sources */ = {isa = PBXBuildFile; fileRef = 6180135C26275CDB003BCA23 /* MainViewController.swift */; };
		6193866F264535BA0037C1BD /* MapViewController.swift in Sources */ = {isa = PBXBuildFile; fileRef = 6193866E264535BA0037C1BD /* MapViewController.swift */; };
		61E6F8D72639BF55005CD82B /* StorageManager.swift in Sources */ = {isa = PBXBuildFile; fileRef = 61E6F8D62639BF55005CD82B /* StorageManager.swift */; };
/* End PBXBuildFile section */

/* Begin PBXFileReference section */
		61062E6926511AA300F076EE /* MapManager.swift */ = {isa = PBXFileReference; lastKnownFileType = sourcecode.swift; path = MapManager.swift; sourceTree = "<group>"; };
		61062E7126512DBF00F076EE /* photoIcon@2x.png */ = {isa = PBXFileReference; lastKnownFileType = image.png; path = "photoIcon@2x.png"; sourceTree = "<group>"; };
		610CD1AB262B3CF4004E6693 /* Launch Screen.storyboard */ = {isa = PBXFileReference; lastKnownFileType = file.storyboard; path = "Launch Screen.storyboard"; sourceTree = "<group>"; };
		611454DA262C2E1200435620 /* CustomTableViewCell.swift */ = {isa = PBXFileReference; lastKnownFileType = sourcecode.swift; path = CustomTableViewCell.swift; sourceTree = "<group>"; };
		611454DD262C320300435620 /* PlaceModel.swift */ = {isa = PBXFileReference; lastKnownFileType = sourcecode.swift; path = PlaceModel.swift; sourceTree = "<group>"; };
		611454E0262C41DD00435620 /* Photo@2x.png */ = {isa = PBXFileReference; lastKnownFileType = image.png; path = "Photo@2x.png"; sourceTree = "<group>"; };
		611454E1262C41DD00435620 /* Photo@3x.png */ = {isa = PBXFileReference; lastKnownFileType = image.png; path = "Photo@3x.png"; sourceTree = "<group>"; };
		611454E5262C452D00435620 /* NewPlaceViewController.swift */ = {isa = PBXFileReference; lastKnownFileType = sourcecode.swift; path = NewPlaceViewController.swift; sourceTree = "<group>"; };
		613F3D45265A551A008582D8 /* Assets.xcassets */ = {isa = PBXFileReference; lastKnownFileType = folder.assetcatalog; path = Assets.xcassets; sourceTree = "<group>"; };
		61687BAA2635BA6B007DF862 /* cameraIcon@2x.png */ = {isa = PBXFileReference; lastKnownFileType = image.png; path = "cameraIcon@2x.png"; sourceTree = "<group>"; };
		61687BBB2635BCF6007DF862 /* imagePlaceholder@2x.png */ = {isa = PBXFileReference; lastKnownFileType = image.png; path = "imagePlaceholder@2x.png"; sourceTree = "<group>"; };
		61730FEC263FE699001D14CD /* RatingControl.swift */ = {isa = PBXFileReference; lastKnownFileType = sourcecode.swift; path = RatingControl.swift; sourceTree = "<group>"; };
		6180134326275757003BCA23 /* MyPlaces.app */ = {isa = PBXFileReference; explicitFileType = wrapper.application; includeInIndex = 0; path = MyPlaces.app; sourceTree = BUILT_PRODUCTS_DIR; };
		6180134626275757003BCA23 /* AppDelegate.swift */ = {isa = PBXFileReference; lastKnownFileType = sourcecode.swift; path = AppDelegate.swift; sourceTree = "<group>"; };
		6180134826275757003BCA23 /* SceneDelegate.swift */ = {isa = PBXFileReference; lastKnownFileType = sourcecode.swift; path = SceneDelegate.swift; sourceTree = "<group>"; };
		6180134D26275757003BCA23 /* Base */ = {isa = PBXFileReference; lastKnownFileType = file.storyboard; name = Base; path = Base.lproj/Main.storyboard; sourceTree = "<group>"; };
		6180135426275758003BCA23 /* Info.plist */ = {isa = PBXFileReference; lastKnownFileType = text.plist.xml; path = Info.plist; sourceTree = "<group>"; };
		6180135C26275CDB003BCA23 /* MainViewController.swift */ = {isa = PBXFileReference; lastKnownFileType = sourcecode.swift; path = MainViewController.swift; sourceTree = "<group>"; };
		6193866E264535BA0037C1BD /* MapViewController.swift */ = {isa = PBXFileReference; lastKnownFileType = sourcecode.swift; path = MapViewController.swift; sourceTree = "<group>"; };
		61E6F8D62639BF55005CD82B /* StorageManager.swift */ = {isa = PBXFileReference; lastKnownFileType = sourcecode.swift; path = StorageManager.swift; sourceTree = "<group>"; };
		AF38C5679BCAFB5BCB0FC1BD /* Pods-MyPlaces.release.xcconfig */ = {isa = PBXFileReference; includeInIndex = 1; lastKnownFileType = text.xcconfig; name = "Pods-MyPlaces.release.xcconfig"; path = "Target Support Files/Pods-MyPlaces/Pods-MyPlaces.release.xcconfig"; sourceTree = "<group>"; };
		B0FABBC680EF3CDD8D0D494C /* Pods-MyPlaces.debug.xcconfig */ = {isa = PBXFileReference; includeInIndex = 1; lastKnownFileType = text.xcconfig; name = "Pods-MyPlaces.debug.xcconfig"; path = "Target Support Files/Pods-MyPlaces/Pods-MyPlaces.debug.xcconfig"; sourceTree = "<group>"; };
		F598FD6772AD9D3FB50C2631 /* Pods_MyPlaces.framework */ = {isa = PBXFileReference; explicitFileType = wrapper.framework; includeInIndex = 0; path = Pods_MyPlaces.framework; sourceTree = BUILT_PRODUCTS_DIR; };
/* End PBXFileReference section */

/* Begin PBXFrameworksBuildPhase section */
		6180134026275757003BCA23 /* Frameworks */ = {
			isa = PBXFrameworksBuildPhase;
			buildActionMask = 2147483647;
			files = (
				0207A097F5CCEBDE2126C2B7 /* Pods_MyPlaces.framework in Frameworks */,
			);
			runOnlyForDeploymentPostprocessing = 0;
		};
/* End PBXFrameworksBuildPhase section */

/* Begin PBXGroup section */
		4E765C3F089C5F4FFA6152FF /* Frameworks */ = {
			isa = PBXGroup;
			children = (
				F598FD6772AD9D3FB50C2631 /* Pods_MyPlaces.framework */,
			);
			name = Frameworks;
			sourceTree = "<group>";
		};
		61062E6B26512CE700F076EE /* ViewControllers */ = {
			isa = PBXGroup;
			children = (
				6180135C26275CDB003BCA23 /* MainViewController.swift */,
				611454E5262C452D00435620 /* NewPlaceViewController.swift */,
				6193866E264535BA0037C1BD /* MapViewController.swift */,
				611454DA262C2E1200435620 /* CustomTableViewCell.swift */,
			);
			path = ViewControllers;
			sourceTree = "<group>";
		};
		61062E6C26512D1C00F076EE /* Models */ = {
			isa = PBXGroup;
			children = (
				611454DD262C320300435620 /* PlaceModel.swift */,
			);
			path = Models;
			sourceTree = "<group>";
		};
		61062E6D26512D2A00F076EE /* Helpers */ = {
			isa = PBXGroup;
			children = (
				61062E6926511AA300F076EE /* MapManager.swift */,
				61E6F8D62639BF55005CD82B /* StorageManager.swift */,
				61730FEC263FE699001D14CD /* RatingControl.swift */,
			);
			path = Helpers;
			sourceTree = "<group>";
		};
		61062E6E26512D3F00F076EE /* Support Files */ = {
			isa = PBXGroup;
			children = (
				6180134826275757003BCA23 /* SceneDelegate.swift */,
				613F3D45265A551A008582D8 /* Assets.xcassets */,
				6180135426275758003BCA23 /* Info.plist */,
				6180134626275757003BCA23 /* AppDelegate.swift */,
			);
			path = "Support Files";
			sourceTree = "<group>";
		};
		61062E6F26512D5D00F076EE /* IBuilder */ = {
			isa = PBXGroup;
			children = (
				610CD1AB262B3CF4004E6693 /* Launch Screen.storyboard */,
				6180134C26275757003BCA23 /* Main.storyboard */,
			);
			path = IBuilder;
			sourceTree = "<group>";
		};
		61062E7026512DAF00F076EE /* Img */ = {
			isa = PBXGroup;
			children = (
				61687BBB2635BCF6007DF862 /* imagePlaceholder@2x.png */,
				611454E0262C41DD00435620 /* Photo@2x.png */,
				611454E1262C41DD00435620 /* Photo@3x.png */,
				61062E7126512DBF00F076EE /* photoIcon@2x.png */,
				61687BAA2635BA6B007DF862 /* cameraIcon@2x.png */,
			);
			path = Img;
			sourceTree = "<group>";
		};
		6180133A26275757003BCA23 = {
			isa = PBXGroup;
			children = (
				6180134526275757003BCA23 /* MyPlaces */,
				6180134426275757003BCA23 /* Products */,
				BC2E1DE98B1F097487D86F67 /* Pods */,
				4E765C3F089C5F4FFA6152FF /* Frameworks */,
			);
			sourceTree = "<group>";
		};
		6180134426275757003BCA23 /* Products */ = {
			isa = PBXGroup;
			children = (
				6180134326275757003BCA23 /* MyPlaces.app */,
			);
			name = Products;
			sourceTree = "<group>";
		};
		6180134526275757003BCA23 /* MyPlaces */ = {
			isa = PBXGroup;
			children = (
				61062E7026512DAF00F076EE /* Img */,
				61062E6F26512D5D00F076EE /* IBuilder */,
				61062E6E26512D3F00F076EE /* Support Files */,
				61062E6D26512D2A00F076EE /* Helpers */,
				61062E6C26512D1C00F076EE /* Models */,
				61062E6B26512CE700F076EE /* ViewControllers */,
			);
			path = MyPlaces;
			sourceTree = "<group>";
		};
		BC2E1DE98B1F097487D86F67 /* Pods */ = {
			isa = PBXGroup;
			children = (
				B0FABBC680EF3CDD8D0D494C /* Pods-MyPlaces.debug.xcconfig */,
				AF38C5679BCAFB5BCB0FC1BD /* Pods-MyPlaces.release.xcconfig */,
			);
			path = Pods;
			sourceTree = "<group>";
		};
/* End PBXGroup section */

/* Begin PBXNativeTarget section */
		6180134226275757003BCA23 /* MyPlaces */ = {
			isa = PBXNativeTarget;
			buildConfigurationList = 6180135726275758003BCA23 /* Build configuration list for PBXNativeTarget "MyPlaces" */;
			buildPhases = (
				82EA6115DD547787CDAEF45C /* [CP] Check Pods Manifest.lock */,
				6180133F26275757003BCA23 /* Sources */,
				6180134026275757003BCA23 /* Frameworks */,
				6180134126275757003BCA23 /* Resources */,
				53CFD02F68E1F93B0D34DA37 /* [CP] Embed Pods Frameworks */,
			);
			buildRules = (
			);
			dependencies = (
			);
			name = MyPlaces;
			productName = MyPlaces;
			productReference = 6180134326275757003BCA23 /* MyPlaces.app */;
			productType = "com.apple.product-type.application";
		};
/* End PBXNativeTarget section */

/* Begin PBXProject section */
		6180133B26275757003BCA23 /* Project object */ = {
			isa = PBXProject;
			attributes = {
				LastSwiftUpdateCheck = 1240;
				LastUpgradeCheck = 1240;
				TargetAttributes = {
					6180134226275757003BCA23 = {
						CreatedOnToolsVersion = 12.4;
					};
				};
			};
			buildConfigurationList = 6180133E26275757003BCA23 /* Build configuration list for PBXProject "MyPlaces" */;
			compatibilityVersion = "Xcode 9.3";
			developmentRegion = en;
			hasScannedForEncodings = 0;
			knownRegions = (
				en,
				Base,
			);
			mainGroup = 6180133A26275757003BCA23;
			productRefGroup = 6180134426275757003BCA23 /* Products */;
			projectDirPath = "";
			projectRoot = "";
			targets = (
				6180134226275757003BCA23 /* MyPlaces */,
			);
		};
/* End PBXProject section */

/* Begin PBXResourcesBuildPhase section */
		6180134126275757003BCA23 /* Resources */ = {
			isa = PBXResourcesBuildPhase;
			buildActionMask = 2147483647;
			files = (
				610CD1AC262B3CF4004E6693 /* Launch Screen.storyboard in Resources */,
				611454E3262C41DD00435620 /* Photo@3x.png in Resources */,
				613F3D46265A551A008582D8 /* Assets.xcassets in Resources */,
				61687BBC2635BCF6007DF862 /* imagePlaceholder@2x.png in Resources */,
				611454E2262C41DD00435620 /* Photo@2x.png in Resources */,
				6180134E26275757003BCA23 /* Main.storyboard in Resources */,
				61687BAE2635BA6B007DF862 /* cameraIcon@2x.png in Resources */,
			);
			runOnlyForDeploymentPostprocessing = 0;
		};
/* End PBXResourcesBuildPhase section */

/* Begin PBXShellScriptBuildPhase section */
		53CFD02F68E1F93B0D34DA37 /* [CP] Embed Pods Frameworks */ = {
			isa = PBXShellScriptBuildPhase;
			buildActionMask = 2147483647;
			files = (
			);
			inputFileListPaths = (
				"${PODS_ROOT}/Target Support Files/Pods-MyPlaces/Pods-MyPlaces-frameworks-${CONFIGURATION}-input-files.xcfilelist",
			);
			name = "[CP] Embed Pods Frameworks";
			outputFileListPaths = (
				"${PODS_ROOT}/Target Support Files/Pods-MyPlaces/Pods-MyPlaces-frameworks-${CONFIGURATION}-output-files.xcfilelist",
			);
			runOnlyForDeploymentPostprocessing = 0;
			shellPath = /bin/sh;
			shellScript = "\"${PODS_ROOT}/Target Support Files/Pods-MyPlaces/Pods-MyPlaces-frameworks.sh\"\n";
			showEnvVarsInLog = 0;
		};
		82EA6115DD547787CDAEF45C /* [CP] Check Pods Manifest.lock */ = {
			isa = PBXShellScriptBuildPhase;
			buildActionMask = 2147483647;
			files = (
			);
			inputFileListPaths = (
			);
			inputPaths = (
				"${PODS_PODFILE_DIR_PATH}/Podfile.lock",
				"${PODS_ROOT}/Manifest.lock",
			);
			name = "[CP] Check Pods Manifest.lock";
			outputFileListPaths = (
			);
			outputPaths = (
				"$(DERIVED_FILE_DIR)/Pods-MyPlaces-checkManifestLockResult.txt",
			);
			runOnlyForDeploymentPostprocessing = 0;
			shellPath = /bin/sh;
			shellScript = "diff \"${PODS_PODFILE_DIR_PATH}/Podfile.lock\" \"${PODS_ROOT}/Manifest.lock\" > /dev/null\nif [ $? != 0 ] ; then\n    # print error to STDERR\n    echo \"error: The sandbox is not in sync with the Podfile.lock. Run 'pod install' or update your CocoaPods installation.\" >&2\n    exit 1\nfi\n# This output is used by Xcode 'outputs' to avoid re-running this script phase.\necho \"SUCCESS\" > \"${SCRIPT_OUTPUT_FILE_0}\"\n";
			showEnvVarsInLog = 0;
		};
/* End PBXShellScriptBuildPhase section */

/* Begin PBXSourcesBuildPhase section */
		6180133F26275757003BCA23 /* Sources */ = {
			isa = PBXSourcesBuildPhase;
			buildActionMask = 2147483647;
			files = (
				6180135D26275CDB003BCA23 /* MainViewController.swift in Sources */,
				611454E6262C452D00435620 /* NewPlaceViewController.swift in Sources */,
				6180134726275757003BCA23 /* AppDelegate.swift in Sources */,
				61E6F8D72639BF55005CD82B /* StorageManager.swift in Sources */,
				6193866F264535BA0037C1BD /* MapViewController.swift in Sources */,
				61730FED263FE699001D14CD /* RatingControl.swift in Sources */,
				61062E6A26511AA300F076EE /* MapManager.swift in Sources */,
				611454DE262C320300435620 /* PlaceModel.swift in Sources */,
				611454DB262C2E1200435620 /* CustomTableViewCell.swift in Sources */,
				6180134926275757003BCA23 /* SceneDelegate.swift in Sources */,
			);
			runOnlyForDeploymentPostprocessing = 0;
		};
/* End PBXSourcesBuildPhase section */

/* Begin PBXVariantGroup section */
		6180134C26275757003BCA23 /* Main.storyboard */ = {
			isa = PBXVariantGroup;
			children = (
				6180134D26275757003BCA23 /* Base */,
			);
			name = Main.storyboard;
			sourceTree = "<group>";
		};
/* End PBXVariantGroup section */

/* Begin XCBuildConfiguration section */
		6180135526275758003BCA23 /* Debug */ = {
			isa = XCBuildConfiguration;
			buildSettings = {
				ALWAYS_SEARCH_USER_PATHS = NO;
				CLANG_ANALYZER_NONNULL = YES;
				CLANG_ANALYZER_NUMBER_OBJECT_CONVERSION = YES_AGGRESSIVE;
				CLANG_CXX_LANGUAGE_STANDARD = "gnu++14";
				CLANG_CXX_LIBRARY = "libc++";
				CLANG_ENABLE_MODULES = YES;
				CLANG_ENABLE_OBJC_ARC = YES;
				CLANG_ENABLE_OBJC_WEAK = YES;
				CLANG_WARN_BLOCK_CAPTURE_AUTORELEASING = YES;
				CLANG_WARN_BOOL_CONVERSION = YES;
				CLANG_WARN_COMMA = YES;
				CLANG_WARN_CONSTANT_CONVERSION = YES;
				CLANG_WARN_DEPRECATED_OBJC_IMPLEMENTATIONS = YES;
				CLANG_WARN_DIRECT_OBJC_ISA_USAGE = YES_ERROR;
				CLANG_WARN_DOCUMENTATION_COMMENTS = YES;
				CLANG_WARN_EMPTY_BODY = YES;
				CLANG_WARN_ENUM_CONVERSION = YES;
				CLANG_WARN_INFINITE_RECURSION = YES;
				CLANG_WARN_INT_CONVERSION = YES;
				CLANG_WARN_NON_LITERAL_NULL_CONVERSION = YES;
				CLANG_WARN_OBJC_IMPLICIT_RETAIN_SELF = YES;
				CLANG_WARN_OBJC_LITERAL_CONVERSION = YES;
				CLANG_WARN_OBJC_ROOT_CLASS = YES_ERROR;
				CLANG_WARN_QUOTED_INCLUDE_IN_FRAMEWORK_HEADER = YES;
				CLANG_WARN_RANGE_LOOP_ANALYSIS = YES;
				CLANG_WARN_STRICT_PROTOTYPES = YES;
				CLANG_WARN_SUSPICIOUS_MOVE = YES;
				CLANG_WARN_UNGUARDED_AVAILABILITY = YES_AGGRESSIVE;
				CLANG_WARN_UNREACHABLE_CODE = YES;
				CLANG_WARN__DUPLICATE_METHOD_MATCH = YES;
				COPY_PHASE_STRIP = NO;
				DEBUG_INFORMATION_FORMAT = dwarf;
				ENABLE_STRICT_OBJC_MSGSEND = YES;
				ENABLE_TESTABILITY = YES;
				GCC_C_LANGUAGE_STANDARD = gnu11;
				GCC_DYNAMIC_NO_PIC = NO;
				GCC_NO_COMMON_BLOCKS = YES;
				GCC_OPTIMIZATION_LEVEL = 0;
				GCC_PREPROCESSOR_DEFINITIONS = (
					"DEBUG=1",
					"$(inherited)",
				);
				GCC_WARN_64_TO_32_BIT_CONVERSION = YES;
				GCC_WARN_ABOUT_RETURN_TYPE = YES_ERROR;
				GCC_WARN_UNDECLARED_SELECTOR = YES;
				GCC_WARN_UNINITIALIZED_AUTOS = YES_AGGRESSIVE;
				GCC_WARN_UNUSED_FUNCTION = YES;
				GCC_WARN_UNUSED_VARIABLE = YES;
				IPHONEOS_DEPLOYMENT_TARGET = 13.6;
				MTL_ENABLE_DEBUG_INFO = INCLUDE_SOURCE;
				MTL_FAST_MATH = YES;
				ONLY_ACTIVE_ARCH = YES;
				SDKROOT = iphoneos;
				SWIFT_ACTIVE_COMPILATION_CONDITIONS = DEBUG;
				SWIFT_OPTIMIZATION_LEVEL = "-Onone";
			};
			name = Debug;
		};
		6180135626275758003BCA23 /* Release */ = {
			isa = XCBuildConfiguration;
			buildSettings = {
				ALWAYS_SEARCH_USER_PATHS = NO;
				CLANG_ANALYZER_NONNULL = YES;
				CLANG_ANALYZER_NUMBER_OBJECT_CONVERSION = YES_AGGRESSIVE;
				CLANG_CXX_LANGUAGE_STANDARD = "gnu++14";
				CLANG_CXX_LIBRARY = "libc++";
				CLANG_ENABLE_MODULES = YES;
				CLANG_ENABLE_OBJC_ARC = YES;
				CLANG_ENABLE_OBJC_WEAK = YES;
				CLANG_WARN_BLOCK_CAPTURE_AUTORELEASING = YES;
				CLANG_WARN_BOOL_CONVERSION = YES;
				CLANG_WARN_COMMA = YES;
				CLANG_WARN_CONSTANT_CONVERSION = YES;
				CLANG_WARN_DEPRECATED_OBJC_IMPLEMENTATIONS = YES;
				CLANG_WARN_DIRECT_OBJC_ISA_USAGE = YES_ERROR;
				CLANG_WARN_DOCUMENTATION_COMMENTS = YES;
				CLANG_WARN_EMPTY_BODY = YES;
				CLANG_WARN_ENUM_CONVERSION = YES;
				CLANG_WARN_INFINITE_RECURSION = YES;
				CLANG_WARN_INT_CONVERSION = YES;
				CLANG_WARN_NON_LITERAL_NULL_CONVERSION = YES;
				CLANG_WARN_OBJC_IMPLICIT_RETAIN_SELF = YES;
				CLANG_WARN_OBJC_LITERAL_CONVERSION = YES;
				CLANG_WARN_OBJC_ROOT_CLASS = YES_ERROR;
				CLANG_WARN_QUOTED_INCLUDE_IN_FRAMEWORK_HEADER = YES;
				CLANG_WARN_RANGE_LOOP_ANALYSIS = YES;
				CLANG_WARN_STRICT_PROTOTYPES = YES;
				CLANG_WARN_SUSPICIOUS_MOVE = YES;
				CLANG_WARN_UNGUARDED_AVAILABILITY = YES_AGGRESSIVE;
				CLANG_WARN_UNREACHABLE_CODE = YES;
				CLANG_WARN__DUPLICATE_METHOD_MATCH = YES;
				COPY_PHASE_STRIP = NO;
				DEBUG_INFORMATION_FORMAT = "dwarf-with-dsym";
				ENABLE_NS_ASSERTIONS = NO;
				ENABLE_STRICT_OBJC_MSGSEND = YES;
				GCC_C_LANGUAGE_STANDARD = gnu11;
				GCC_NO_COMMON_BLOCKS = YES;
				GCC_WARN_64_TO_32_BIT_CONVERSION = YES;
				GCC_WARN_ABOUT_RETURN_TYPE = YES_ERROR;
				GCC_WARN_UNDECLARED_SELECTOR = YES;
				GCC_WARN_UNINITIALIZED_AUTOS = YES_AGGRESSIVE;
				GCC_WARN_UNUSED_FUNCTION = YES;
				GCC_WARN_UNUSED_VARIABLE = YES;
				IPHONEOS_DEPLOYMENT_TARGET = 13.6;
				MTL_ENABLE_DEBUG_INFO = NO;
				MTL_FAST_MATH = YES;
				SDKROOT = iphoneos;
				SWIFT_COMPILATION_MODE = wholemodule;
				SWIFT_OPTIMIZATION_LEVEL = "-O";
				VALIDATE_PRODUCT = YES;
			};
			name = Release;
		};
		6180135826275758003BCA23 /* Debug */ = {
			isa = XCBuildConfiguration;
			baseConfigurationReference = B0FABBC680EF3CDD8D0D494C /* Pods-MyPlaces.debug.xcconfig */;
			buildSettings = {
				ASSETCATALOG_COMPILER_APPICON_NAME = AppIcon;
				ASSETCATALOG_COMPILER_GLOBAL_ACCENT_COLOR_NAME = AccentColor;
				CODE_SIGN_STYLE = Automatic;
				DEVELOPMENT_TEAM = 3FQH7BC4U7;
				INFOPLIST_FILE = "$(SRCROOT)/MyPlaces/Support Files/Info.plist";
				IPHONEOS_DEPLOYMENT_TARGET = 13.6;
				LD_RUNPATH_SEARCH_PATHS = (
					"$(inherited)",
					"@executable_path/Frameworks",
				);
				PRODUCT_BUNDLE_IDENTIFIER = UndermindSoftware.MyPlaces;
				PRODUCT_NAME = "$(TARGET_NAME)";
				SWIFT_VERSION = 5.0;
				TARGETED_DEVICE_FAMILY = "1,2";
			};
			name = Debug;
		};
		6180135926275758003BCA23 /* Release */ = {
			isa = XCBuildConfiguration;
			baseConfigurationReference = AF38C5679BCAFB5BCB0FC1BD /* Pods-MyPlaces.release.xcconfig */;
			buildSettings = {
				ASSETCATALOG_COMPILER_APPICON_NAME = AppIcon;
				ASSETCATALOG_COMPILER_GLOBAL_ACCENT_COLOR_NAME = AccentColor;
				CODE_SIGN_STYLE = Automatic;
				DEVELOPMENT_TEAM = 3FQH7BC4U7;
				INFOPLIST_FILE = "$(SRCROOT)/MyPlaces/Support Files/Info.plist";
				IPHONEOS_DEPLOYMENT_TARGET = 13.6;
				LD_RUNPATH_SEARCH_PATHS = (
					"$(inherited)",
					"@executable_path/Frameworks",
				);
				PRODUCT_BUNDLE_IDENTIFIER = UndermindSoftware.MyPlaces;
				PRODUCT_NAME = "$(TARGET_NAME)";
				SWIFT_VERSION = 5.0;
				TARGETED_DEVICE_FAMILY = "1,2";
			};
			name = Release;
		};
/* End XCBuildConfiguration section */

/* Begin XCConfigurationList section */
		6180133E26275757003BCA23 /* Build configuration list for PBXProject "MyPlaces" */ = {
			isa = XCConfigurationList;
			buildConfigurations = (
				6180135526275758003BCA23 /* Debug */,
				6180135626275758003BCA23 /* Release */,
			);
			defaultConfigurationIsVisible = 0;
			defaultConfigurationName = Release;
		};
		6180135726275758003BCA23 /* Build configuration list for PBXNativeTarget "MyPlaces" */ = {
			isa = XCConfigurationList;
			buildConfigurations = (
				6180135826275758003BCA23 /* Debug */,
				6180135926275758003BCA23 /* Release */,
			);
			defaultConfigurationIsVisible = 0;
			defaultConfigurationName = Release;
		};
/* End XCConfigurationList section */
	};
	rootObject = 6180133B26275757003BCA23 /* Project object */;
}
